{
  "name": "hapi-auth-jwt2-example",
  "version": "1.0.0",
  "lockfileVersion": 1,
  "requires": true,
  "dependencies": {
    "eslint": {
      "version": "3.19.0",
      "resolved": "https://registry.npmjs.org/eslint/-/eslint-3.19.0.tgz",
      "integrity": "sha1-yPxiAcf0DdCJQbh8CFdnOGpnmsw=",
      "dev": true
    },
    "hapi": {
      "version": "16.4.1",
      "resolved": "https://registry.npmjs.org/hapi/-/hapi-16.4.1.tgz",
      "integrity": "sha512-5BMO86qtHR/cQbdIXknvADUwiZCLhg77ldoUzCEKkbHufNDH2gn5rBsEX5yCUpIJ9VArhTukbWagpHud6e0wxQ==",
      "dependencies": {
        "boom": {
          "version": "5.1.0",
          "resolved": "https://registry.npmjs.org/boom/-/boom-5.1.0.tgz",
          "integrity": "sha1-Awj6jpJM1tQtnDv0iDvcmPDnHfg="
        },
        "isemail": {
          "version": "2.2.1",
          "resolved": "https://registry.npmjs.org/isemail/-/isemail-2.2.1.tgz",
          "integrity": "sha1-A1PT2aYpUQgMJiwqoKQrjqjp4qY="
        },
        "joi": {
          "version": "10.5.2",
          "resolved": "https://registry.npmjs.org/joi/-/joi-10.5.2.tgz",
          "integrity": "sha512-Do/NXTokq86nvFfggE4UbwNnyzvALn3Ay+gMwQSAkrQoWTYc4LvkabhypVZiqDZq0TbtVhUpOphe4dmKB6/Pxg=="
        },
        "topo": {
          "version": "2.0.2",
          "resolved": "https://registry.npmjs.org/topo/-/topo-2.0.2.tgz",
          "integrity": "sha1-zVYVdSU5BXwNwEkaYhw7xvvh0YI="
        }
      }
    },
    "hapi-auth-jwt2": {
      "version": "7.2.4",
      "resolved": "https://registry.npmjs.org/hapi-auth-jwt2/-/hapi-auth-jwt2-7.2.4.tgz",
      "integrity": "sha1-XXf2O6+s2no4Gu/oVfFoO8hkEIE="
    },
    "hapi-cors-headers": {
      "version": "1.0.0",
      "resolved": "https://registry.npmjs.org/hapi-cors-headers/-/hapi-cors-headers-1.0.0.tgz",
      "integrity": "sha1-qwExiv89OkqopLkOJQtQnW2JKPA="
    },
    "lodash": {
      "version": "4.17.19",
      "resolved": "https://registry.npmjs.org/lodash/-/lodash-4.17.19.tgz",
      "integrity": "sha512-JNvd8XER9GQX0v2qJgsaN/mzFCNA5BRe/j8JN9d+tWyGLSodKQHKFicdwNYzWwI3wjRnaKPsGj1XkBjx/F96DQ=="
    },
    "md5": {
      "version": "2.2.1",
      "resolved": "https://registry.npmjs.org/md5/-/md5-2.2.1.tgz",
      "integrity": "sha1-U6s41f48iJG6RlMp6iP6wFQBJvk="
    },
    "njwt": {
      "version": "0.4.0",
      "resolved": "https://registry.npmjs.org/njwt/-/njwt-0.4.0.tgz",
      "integrity": "sha1-cyTtnXap1UteJly3tqPFXxRv08c=",
      "dependencies": {
        "uuid": {
          "version": "2.0.3",
          "resolved": "https://registry.npmjs.org/uuid/-/uuid-2.0.3.tgz",
          "integrity": "sha1-Z+LoY3lyFVMN/zGOW/nc6/1Hsho="
        }
      }
    },
    "sodium": {
      "version": "2.0.1",
      "resolved": "https://registry.npmjs.org/sodium/-/sodium-2.0.1.tgz",
      "integrity": "sha1-ZO//bXaZyPJvkbmsW2/DqlULJXk="
    },
    "uuid": {
      "version": "3.0.1",
      "resolved": "https://registry.npmjs.org/uuid/-/uuid-3.0.1.tgz",
      "integrity": "sha1-ZUS7ot/ajBzxfmKaOjBeK7H+5sE="
    }
  }
}
